{
  "name": "react-native-rating-list",
  "version": "1.0.0",
  "lockfileVersion": 2,
  "requires": true,
  "packages": {
    "": {
      "name": "react-native-rating-list",
      "version": "1.0.0",
      "license": "ISC",
      "dependencies": {
        "react-native-stars": "^1.2.2"
      }
    },
    "node_modules/react-native-stars": {
      "version": "1.2.2",
      "resolved": "https://registry.npmjs.org/react-native-stars/-/react-native-stars-1.2.2.tgz",
      "integrity": "sha512-ROoluqPqv93ycUV3Mwf/p1fFW2TOcb6juhGrMb5oNYYTa0aTe4WgnboipNWLe5viDlC8XYLS+g5WpZBvCzwFkw=="
    }
  },
  "dependencies": {
    "react-native-stars": {
      "version": "1.2.2",
      "resolved": "https://registry.npmjs.org/react-native-stars/-/react-native-stars-1.2.2.tgz",
      "integrity": "sha512-ROoluqPqv93ycUV3Mwf/p1fFW2TOcb6juhGrMb5oNYYTa0aTe4WgnboipNWLe5viDlC8XYLS+g5WpZBvCzwFkw=="
    }
  }
}
